// !$*UTF8*$!
{
	archiveVersion = 1;
	classes = {
	};
	objectVersion = 50;
	objects = {

/* Begin PBXBuildFile section */
		4ECEDD0524F9B835001BA270 /* AppDelegate.swift in Sources */ = {isa = PBXBuildFile; fileRef = 4ECEDD0424F9B835001BA270 /* AppDelegate.swift */; };
		4ECEDD0724F9B835001BA270 /* SceneDelegate.swift in Sources */ = {isa = PBXBuildFile; fileRef = 4ECEDD0624F9B835001BA270 /* SceneDelegate.swift */; };
		4ECEDD0924F9B835001BA270 /* ViewController.swift in Sources */ = {isa = PBXBuildFile; fileRef = 4ECEDD0824F9B835001BA270 /* ViewController.swift */; };
		4ECEDD0C24F9B835001BA270 /* Main.storyboard in Resources */ = {isa = PBXBuildFile; fileRef = 4ECEDD0A24F9B835001BA270 /* Main.storyboard */; };
		4ECEDD0E24F9B837001BA270 /* Assets.xcassets in Resources */ = {isa = PBXBuildFile; fileRef = 4ECEDD0D24F9B837001BA270 /* Assets.xcassets */; };
		4ECEDD1124F9B837001BA270 /* LaunchScreen.storyboard in Resources */ = {isa = PBXBuildFile; fileRef = 4ECEDD0F24F9B837001BA270 /* LaunchScreen.storyboard */; };
		4ECEDD1924F9BFE9001BA270 /* CollectionViewCell.swift in Sources */ = {isa = PBXBuildFile; fileRef = 4ECEDD1824F9BFE9001BA270 /* CollectionViewCell.swift */; };
/* End PBXBuildFile section */

/* Begin PBXFileReference section */
		4ECEDD0124F9B835001BA270 /* Book Quotes App.app */ = {isa = PBXFileReference; explicitFileType = wrapper.application; includeInIndex = 0; path = "Book Quotes App.app"; sourceTree = BUILT_PRODUCTS_DIR; };
		4ECEDD0424F9B835001BA270 /* AppDelegate.swift */ = {isa = PBXFileReference; lastKnownFileType = sourcecode.swift; path = AppDelegate.swift; sourceTree = "<group>"; };
		4ECEDD0624F9B835001BA270 /* SceneDelegate.swift */ = {isa = PBXFileReference; lastKnownFileType = sourcecode.swift; path = SceneDelegate.swift; sourceTree = "<group>"; };
		4ECEDD0824F9B835001BA270 /* ViewController.swift */ = {isa = PBXFileReference; lastKnownFileType = sourcecode.swift; path = ViewController.swift; sourceTree = "<group>"; };
		4ECEDD0B24F9B835001BA270 /* Base */ = {isa = PBXFileReference; lastKnownFileType = file.storyboard; name = Base; path = Base.lproj/Main.storyboard; sourceTree = "<group>"; };
		4ECEDD0D24F9B837001BA270 /* Assets.xcassets */ = {isa = PBXFileReference; lastKnownFileType = folder.assetcatalog; path = Assets.xcassets; sourceTree = "<group>"; };
		4ECEDD1024F9B837001BA270 /* Base */ = {isa = PBXFileReference; lastKnownFileType = file.storyboard; name = Base; path = Base.lproj/LaunchScreen.storyboard; sourceTree = "<group>"; };
		4ECEDD1224F9B837001BA270 /* Info.plist */ = {isa = PBXFileReference; lastKnownFileType = text.plist.xml; path = Info.plist; sourceTree = "<group>"; };
		4ECEDD1824F9BFE9001BA270 /* CollectionViewCell.swift */ = {isa = PBXFileReference; lastKnownFileType = sourcecode.swift; path = CollectionViewCell.swift; sourceTree = "<group>"; };
/* End PBXFileReference section */

/* Begin PBXFrameworksBuildPhase section */
		4ECEDCFE24F9B834001BA270 /* Frameworks */ = {
			isa = PBXFrameworksBuildPhase;
			buildActionMask = 2147483647;
			files = (
			);
			runOnlyForDeploymentPostprocessing = 0;
		};
/* End PBXFrameworksBuildPhase section */

/* Begin PBXGroup section */
		4ECEDCF824F9B834001BA270 = {
			isa = PBXGroup;
			children = (
				4ECEDD0324F9B835001BA270 /* Book Quotes App */,
				4ECEDD0224F9B835001BA270 /* Products */,
			);
			sourceTree = "<group>";
		};
		4ECEDD0224F9B835001BA270 /* Products */ = {
			isa = PBXGroup;
			children = (
				4ECEDD0124F9B835001BA270 /* Book Quotes App.app */,
			);
			name = Products;
			sourceTree = "<group>";
		};
		4ECEDD0324F9B835001BA270 /* Book Quotes App */ = {
			isa = PBXGroup;
			children = (
				4ECEDD0424F9B835001BA270 /* AppDelegate.swift */,
				4ECEDD0624F9B835001BA270 /* SceneDelegate.swift */,
				4ECEDD0824F9B835001BA270 /* ViewController.swift */,
				4ECEDD1824F9BFE9001BA270 /* CollectionViewCell.swift */,
				4ECEDD0A24F9B835001BA270 /* Main.storyboard */,
				4ECEDD0D24F9B837001BA270 /* Assets.xcassets */,
				4ECEDD0F24F9B837001BA270 /* LaunchScreen.storyboard */,
				4ECEDD1224F9B837001BA270 /* Info.plist */,
			);
			path = "Book Quotes App";
			sourceTree = "<group>";
		};
/* End PBXGroup section */

/* Begin PBXNativeTarget section */
		4ECEDD0024F9B834001BA270 /* Book Quotes App */ = {
			isa = PBXNativeTarget;
			buildConfigurationList = 4ECEDD1524F9B837001BA270 /* Build configuration list for PBXNativeTarget "Book Quotes App" */;
			buildPhases = (
				4ECEDCFD24F9B834001BA270 /* Sources */,
				4ECEDCFE24F9B834001BA270 /* Frameworks */,
				4ECEDCFF24F9B834001BA270 /* Resources */,
			);
			buildRules = (
			);
			dependencies = (
			);
			name = "Book Quotes App";
			productName = "Book Quotes App";
			productReference = 4ECEDD0124F9B835001BA270 /* Book Quotes App.app */;
			productType = "com.apple.product-type.application";
		};
/* End PBXNativeTarget section */

/* Begin PBXProject section */
		4ECEDCF924F9B834001BA270 /* Project object */ = {
			isa = PBXProject;
			attributes = {
				LastSwiftUpdateCheck = 1160;
				LastUpgradeCheck = 1160;
				ORGANIZATIONNAME = "Michael Grant";
				TargetAttributes = {
					4ECEDD0024F9B834001BA270 = {
						CreatedOnToolsVersion = 11.6;
					};
				};
			};
			buildConfigurationList = 4ECEDCFC24F9B834001BA270 /* Build configuration list for PBXProject "Book Quotes App" */;
			compatibilityVersion = "Xcode 9.3";
			developmentRegion = en;
			hasScannedForEncodings = 0;
			knownRegions = (
				en,
				Base,
			);
			mainGroup = 4ECEDCF824F9B834001BA270;
			productRefGroup = 4ECEDD0224F9B835001BA270 /* Products */;
			projectDirPath = "";
			projectRoot = "";
			targets = (
				4ECEDD0024F9B834001BA270 /* Book Quotes App */,
			);
		};
/* End PBXProject section */

/* Begin PBXResourcesBuildPhase section */
		4ECEDCFF24F9B834001BA270 /* Resources */ = {
			isa = PBXResourcesBuildPhase;
			buildActionMask = 2147483647;
			files = (
				4ECEDD1124F9B837001BA270 /* LaunchScreen.storyboard in Resources */,
				4ECEDD0E24F9B837001BA270 /* Assets.xcassets in Resources */,
				4ECEDD0C24F9B835001BA270 /* Main.storyboard in Resources */,
			);
			runOnlyForDeploymentPostprocessing = 0;
		};
/* End PBXResourcesBuildPhase section */

/* Begin PBXSourcesBuildPhase section */
		4ECEDCFD24F9B834001BA270 /* Sources */ = {
			isa = PBXSourcesBuildPhase;
			buildActionMask = 2147483647;
			files = (
				4ECEDD0924F9B835001BA270 /* ViewController.swift in Sources */,
				4ECEDD0524F9B835001BA270 /* AppDelegate.swift in Sources */,
				4ECEDD1924F9BFE9001BA270 /* CollectionViewCell.swift in Sources */,
				4ECEDD0724F9B835001BA270 /* SceneDelegate.swift in Sources */,
			);
			runOnlyForDeploymentPostprocessing = 0;
		};
/* End PBXSourcesBuildPhase section */

/* Begin PBXVariantGroup section */
		4ECEDD0A24F9B835001BA270 /* Main.storyboard */ = {
			isa = PBXVariantGroup;
			children = (
				4ECEDD0B24F9B835001BA270 /* Base */,
			);
			name = Main.storyboard;
			sourceTree = "<group>";
		};
		4ECEDD0F24F9B837001BA270 /* LaunchScreen.storyboard */ = {
			isa = PBXVariantGroup;
			children = (
				4ECEDD1024F9B837001BA270 /* Base */,
			);
			name = LaunchScreen.storyboard;
			sourceTree = "<group>";
		};
/* End PBXVariantGroup section */

/* Begin XCBuildConfiguration section */
		4ECEDD1324F9B837001BA270 /* Debug */ = {
			isa = XCBuildConfiguration;
			buildSettings = {
				ALWAYS_SEARCH_USER_PATHS = NO;
				CLANG_ANALYZER_NONNULL = YES;
				CLANG_ANALYZER_NUMBER_OBJECT_CONVERSION = YES_AGGRESSIVE;
				CLANG_CXX_LANGUAGE_STANDARD = "gnu++14";
				CLANG_CXX_LIBRARY = "libc++";
				CLANG_ENABLE_MODULES = YES;
				CLANG_ENABLE_OBJC_ARC = YES;
				CLANG_ENABLE_OBJC_WEAK = YES;
				CLANG_WARN_BLOCK_CAPTURE_AUTORELEASING = YES;
				CLANG_WARN_BOOL_CONVERSION = YES;
				CLANG_WARN_COMMA = YES;
				CLANG_WARN_CONSTANT_CONVERSION = YES;
				CLANG_WARN_DEPRECATED_OBJC_IMPLEMENTATIONS = YES;
				CLANG_WARN_DIRECT_OBJC_ISA_USAGE = YES_ERROR;
				CLANG_WARN_DOCUMENTATION_COMMENTS = YES;
				CLANG_WARN_EMPTY_BODY = YES;
				CLANG_WARN_ENUM_CONVERSION = YES;
				CLANG_WARN_INFINITE_RECURSION = YES;
				CLANG_WARN_INT_CONVERSION = YES;
				CLANG_WARN_NON_LITERAL_NULL_CONVERSION = YES;
				CLANG_WARN_OBJC_IMPLICIT_RETAIN_SELF = YES;
				CLANG_WARN_OBJC_LITERAL_CONVERSION = YES;
				CLANG_WARN_OBJC_ROOT_CLASS = YES_ERROR;
				CLANG_WARN_RANGE_LOOP_ANALYSIS = YES;
				CLANG_WARN_STRICT_PROTOTYPES = YES;
				CLANG_WARN_SUSPICIOUS_MOVE = YES;
				CLANG_WARN_UNGUARDED_AVAILABILITY = YES_AGGRESSIVE;
				CLANG_WARN_UNREACHABLE_CODE = YES;
				CLANG_WARN__DUPLICATE_METHOD_MATCH = YES;
				COPY_PHASE_STRIP = NO;
				DEBUG_INFORMATION_FORMAT = dwarf;
				ENABLE_STRICT_OBJC_MSGSEND = YES;
				ENABLE_TESTABILITY = YES;
				GCC_C_LANGUAGE_STANDARD = gnu11;
				GCC_DYNAMIC_NO_PIC = NO;
				GCC_NO_COMMON_BLOCKS = YES;
				GCC_OPTIMIZATION_LEVEL = 0;
				GCC_PREPROCESSOR_DEFINITIONS = (
					"DEBUG=1",
					"$(inherited)",
				);
				GCC_WARN_64_TO_32_BIT_CONVERSION = YES;
				GCC_WARN_ABOUT_RETURN_TYPE = YES_ERROR;
				GCC_WARN_UNDECLARED_SELECTOR = YES;
				GCC_WARN_UNINITIALIZED_AUTOS = YES_AGGRESSIVE;
				GCC_WARN_UNUSED_FUNCTION = YES;
				GCC_WARN_UNUSED_VARIABLE = YES;
				IPHONEOS_DEPLOYMENT_TARGET = 13.6;
				MTL_ENABLE_DEBUG_INFO = INCLUDE_SOURCE;
				MTL_FAST_MATH = YES;
				ONLY_ACTIVE_ARCH = YES;
				SDKROOT = iphoneos;
				SWIFT_ACTIVE_COMPILATION_CONDITIONS = DEBUG;
				SWIFT_OPTIMIZATION_LEVEL = "-Onone";
			};
			name = Debug;
		};
		4ECEDD1424F9B837001BA270 /* Release */ = {
			isa = XCBuildConfiguration;
			buildSettings = {
				ALWAYS_SEARCH_USER_PATHS = NO;
				CLANG_ANALYZER_NONNULL = YES;
				CLANG_ANALYZER_NUMBER_OBJECT_CONVERSION = YES_AGGRESSIVE;
				CLANG_CXX_LANGUAGE_STANDARD = "gnu++14";
				CLANG_CXX_LIBRARY = "libc++";
				CLANG_ENABLE_MODULES = YES;
				CLANG_ENABLE_OBJC_ARC = YES;
				CLANG_ENABLE_OBJC_WEAK = YES;
				CLANG_WARN_BLOCK_CAPTURE_AUTORELEASING = YES;
				CLANG_WARN_BOOL_CONVERSION = YES;
				CLANG_WARN_COMMA = YES;
				CLANG_WARN_CONSTANT_CONVERSION = YES;
				CLANG_WARN_DEPRECATED_OBJC_IMPLEMENTATIONS = YES;
				CLANG_WARN_DIRECT_OBJC_ISA_USAGE = YES_ERROR;
				CLANG_WARN_DOCUMENTATION_COMMENTS = YES;
				CLANG_WARN_EMPTY_BODY = YES;
				CLANG_WARN_ENUM_CONVERSION = YES;
				CLANG_WARN_INFINITE_RECURSION = YES;
				CLANG_WARN_INT_CONVERSION = YES;
				CLANG_WARN_NON_LITERAL_NULL_CONVERSION = YES;
				CLANG_WARN_OBJC_IMPLICIT_RETAIN_SELF = YES;
				CLANG_WARN_OBJC_LITERAL_CONVERSION = YES;
				CLANG_WARN_OBJC_ROOT_CLASS = YES_ERROR;
				CLANG_WARN_RANGE_LOOP_ANALYSIS = YES;
				CLANG_WARN_STRICT_PROTOTYPES = YES;
				CLANG_WARN_SUSPICIOUS_MOVE = YES;
				CLANG_WARN_UNGUARDED_AVAILABILITY = YES_AGGRESSIVE;
				CLANG_WARN_UNREACHABLE_CODE = YES;
				CLANG_WARN__DUPLICATE_METHOD_MATCH = YES;
				COPY_PHASE_STRIP = NO;
				DEBUG_INFORMATION_FORMAT = "dwarf-with-dsym";
				ENABLE_NS_ASSERTIONS = NO;
				ENABLE_STRICT_OBJC_MSGSEND = YES;
				GCC_C_LANGUAGE_STANDARD = gnu11;
				GCC_NO_COMMON_BLOCKS = YES;
				GCC_WARN_64_TO_32_BIT_CONVERSION = YES;
				GCC_WARN_ABOUT_RETURN_TYPE = YES_ERROR;
				GCC_WARN_UNDECLARED_SELECTOR = YES;
				GCC_WARN_UNINITIALIZED_AUTOS = YES_AGGRESSIVE;
				GCC_WARN_UNUSED_FUNCTION = YES;
				GCC_WARN_UNUSED_VARIABLE = YES;
				IPHONEOS_DEPLOYMENT_TARGET = 13.6;
				MTL_ENABLE_DEBUG_INFO = NO;
				MTL_FAST_MATH = YES;
				SDKROOT = iphoneos;
				SWIFT_COMPILATION_MODE = wholemodule;
				SWIFT_OPTIMIZATION_LEVEL = "-O";
				VALIDATE_PRODUCT = YES;
			};
			name = Release;
		};
		4ECEDD1624F9B837001BA270 /* Debug */ = {
			isa = XCBuildConfiguration;
			buildSettings = {
				ASSETCATALOG_COMPILER_APPICON_NAME = AppIcon;
				CODE_SIGN_STYLE = Automatic;
				DEVELOPMENT_TEAM = 6XC73DDQ2K;
				INFOPLIST_FILE = "Book Quotes App/Info.plist";
				LD_RUNPATH_SEARCH_PATHS = (
					"$(inherited)",
					"@executable_path/Frameworks",
				);
				PRODUCT_BUNDLE_IDENTIFIER = "com.keepitfreshios.Book-Quotes-App";
				PRODUCT_NAME = "$(TARGET_NAME)";
				SWIFT_VERSION = 5.0;
				TARGETED_DEVICE_FAMILY = "1,2";
			};
			name = Debug;
		};
		4ECEDD1724F9B837001BA270 /* Release */ = {
			isa = XCBuildConfiguration;
			buildSettings = {
				ASSETCATALOG_COMPILER_APPICON_NAME = AppIcon;
				CODE_SIGN_STYLE = Automatic;
				DEVELOPMENT_TEAM = 6XC73DDQ2K;
				INFOPLIST_FILE = "Book Quotes App/Info.plist";
				LD_RUNPATH_SEARCH_PATHS = (
					"$(inherited)",
					"@executable_path/Frameworks",
				);
				PRODUCT_BUNDLE_IDENTIFIER = "com.keepitfreshios.Book-Quotes-App";
				PRODUCT_NAME = "$(TARGET_NAME)";
				SWIFT_VERSION = 5.0;
				TARGETED_DEVICE_FAMILY = "1,2";
			};
			name = Release;
		};
/* End XCBuildConfiguration section */

/* Begin XCConfigurationList section */
		4ECEDCFC24F9B834001BA270 /* Build configuration list for PBXProject "Book Quotes App" */ = {
			isa = XCConfigurationList;
			buildConfigurations = (
				4ECEDD1324F9B837001BA270 /* Debug */,
				4ECEDD1424F9B837001BA270 /* Release */,
			);
			defaultConfigurationIsVisible = 0;
			defaultConfigurationName = Release;
		};
		4ECEDD1524F9B837001BA270 /* Build configuration list for PBXNativeTarget "Book Quotes App" */ = {
			isa = XCConfigurationList;
			buildConfigurations = (
				4ECEDD1624F9B837001BA270 /* Debug */,
				4ECEDD1724F9B837001BA270 /* Release */,
			);
			defaultConfigurationIsVisible = 0;
			defaultConfigurationName = Release;
		};
/* End XCConfigurationList section */
	};
	rootObject = 4ECEDCF924F9B834001BA270 /* Project object */;
}
